
Microsoft Visual Studio Solution File, Format Version 12.00
# Visual Studio Version 17
VisualStudioVersion = 17.3.32922.545
MinimumVisualStudioVersion = 10.0.40219.1
Project("{9A19103F-16F7-4668-BE54-9A1E7A4F7556}") = "diziler", "diziler\diziler.csproj", "{B044848E-79B7-41FE-BE80-698CE89DAD25}"
EndProject
Project("{9A19103F-16F7-4668-BE54-9A1E7A4F7556}") = "donguler", "donguler\donguler.csproj", "{BDC1E276-06E2-4FE7-8996-142C17867DFC}"
EndProject
Project("{9A19103F-16F7-4668-BE54-9A1E7A4F7556}") = "string_ile_calısmak", "string_ile_calısmak\string_ile_calısmak.csproj", "{2D75C831-287B-4D3E-ACD9-D1E8D106CB3E}"
EndProject
Project("{9A19103F-16F7-4668-BE54-9A1E7A4F7556}") = "Class", "Class\Class.csproj", "{2DBB6A61-89D5-4788-96E5-1B9C4448537A}"
EndProject
Project("{9A19103F-16F7-4668-BE54-9A1E7A4F7556}") = "NesneyeDayalıDers4", "NesneyeDayalıDers4\NesneyeDayalıDers4.csproj", "{ECFF3139-0F3B-43DE-B56D-811D6D62EB06}"
EndProject
Project("{9A19103F-16F7-4668-BE54-9A1E7A4F7556}") = "DamaTahtası", "Recap_Demo_Project\DamaTahtası.csproj", "{FEA19D1B-19D1-464F-A81D-17AEB28E5419}"
EndProject
Project("{FAE04EC0-301F-11D3-BF4B-00C04F79EFBC}") = "Interfaces", "Interfaces\Interfaces.csproj", "{65F3A94C-AFC6-4CB6-A35F-5DFD924939F2}"
EndProject
Project("{FAE04EC0-301F-11D3-BF4B-00C04F79EFBC}") = "InterfacesDemo", "InterfacesDemo\InterfacesDemo.csproj", "{36D3FEA8-7B21-4E85-B55E-15F9AC22363C}"
EndProject
Project("{FAE04EC0-301F-11D3-BF4B-00C04F79EFBC}") = "Inheritance", "Inheritance\Inheritance.csproj", "{92CEFE37-9D62-4F7B-ABD4-292DBCAB458D}"
EndProject
Project("{FAE04EC0-301F-11D3-BF4B-00C04F79EFBC}") = "VirtualMethods", "VirtualMethods\VirtualMethods.csproj", "{B5A9D0A3-CE73-4944-9163-B4CB47D4B837}"
EndProject
Project("{FAE04EC0-301F-11D3-BF4B-00C04F79EFBC}") = "AbstractClasses", "AbstractClasses\AbstractClasses.csproj", "{419BEA5F-56BB-4CC6-87EB-86FCD3871033}"
EndProject
Project("{FAE04EC0-301F-11D3-BF4B-00C04F79EFBC}") = "DERS 5-1.soru", "DERS 5\DERS 5-1.soru.csproj", "{C87B6E5C-4FB4-4D4F-AB5A-BEF66C4F2162}"
EndProject
Project("{FAE04EC0-301F-11D3-BF4B-00C04F79EFBC}") = "Ders 5 soru 2", "Ders 5 soru 2\Ders 5 soru 2.csproj", "{6290E454-CFE1-466D-BB35-999898564804}"
EndProject
Project("{FAE04EC0-301F-11D3-BF4B-00C04F79EFBC}") = "RecapDemoProject2", "RecapDemoProject2\RecapDemoProject2.csproj", "{ECF9386E-6F22-4275-9CB6-A2DCE56ACE54}"
EndProject
Project("{FAE04EC0-301F-11D3-BF4B-00C04F79EFBC}") = "BinaryShearch", "BinaryShearch\BinaryShearch.csproj", "{8076C9E2-3424-4F1B-9E53-D1FE0731179A}"
EndProject
Project("{FAE04EC0-301F-11D3-BF4B-00C04F79EFBC}") = "Ders_3_(Hocanın Kodları)", "Ders_3_(Hocanın Kodları)\Ders_3_(Hocanın Kodları).csproj", "{7813B05C-EE6E-4245-992C-5D27E187F2D7}"
EndProject
Project("{FAE04EC0-301F-11D3-BF4B-00C04F79EFBC}") = "Ders_4_(Hocanın Kodları)", "Ders_4_(Hocanın Kodları)\Ders_4_(Hocanın Kodları).csproj", "{F2046C1B-8F23-4BAE-B486-D842A1FC311D}"
EndProject
Project("{FAE04EC0-301F-11D3-BF4B-00C04F79EFBC}") = "Ders_5_(Hocanın Kodları)", "Ders_5_(Hocanın Kodları)\Ders_5_(Hocanın Kodları).csproj", "{57AD8168-FB2B-4E35-98D1-106E50A84C58}"
EndProject
Project("{FAE04EC0-301F-11D3-BF4B-00C04F79EFBC}") = "6.HAFTA", "6.HAFTA\6.HAFTA.csproj", "{FF1D9E77-FB9A-4847-A333-342083ACDAD9}"
EndProject
Project("{FAE04EC0-301F-11D3-BF4B-00C04F79EFBC}") = "6.hafta part 2", "6.hafta part 2\6.hafta part 2.csproj", "{68A47184-0853-48D2-8369-79796BD1E5F5}"
EndProject
Project("{FAE04EC0-301F-11D3-BF4B-00C04F79EFBC}") = "6.ders part3 interfaces", "6.ders part3 interfaces\6.ders part3 interfaces.csproj", "{C334AFB3-DEF8-4953-9840-52466298C602}"
EndProject
Project("{FAE04EC0-301F-11D3-BF4B-00C04F79EFBC}") = "AccesModifiers", "AccesModifiers\AccesModifiers.csproj", "{0637361F-4B7B-4DB5-A4BD-BE5C9A616263}"
EndProject
Project("{FAE04EC0-301F-11D3-BF4B-00C04F79EFBC}") = "AccessModifiersDemo", "AccessModifiersDemo\AccessModifiersDemo.csproj", "{0FE3A8E9-EC52-498B-9B80-9C5355BBE6A3}"
EndProject
Project("{FAE04EC0-301F-11D3-BF4B-00C04F79EFBC}") = "Constructors", "Constructors\Constructors.csproj", "{7D24BC40-8E11-4D9A-B5BC-5AEC73AB1D75}"
EndProject
Project("{FAE04EC0-301F-11D3-BF4B-00C04F79EFBC}") = "VizeTekrar part 1", "VizeTekrar part 1\VizeTekrar part 1.csproj", "{139F1FC6-C496-4F71-8775-4AD1123CB999}"
EndProject
Project("{FAE04EC0-301F-11D3-BF4B-00C04F79EFBC}") = "VizeTekrar part 2", "ConsoleApp1\VizeTekrar part 2.csproj", "{E702718E-7BE2-483B-821B-8F90FD4D6950}"
EndProject
Project("{FAE04EC0-301F-11D3-BF4B-00C04F79EFBC}") = "VizeTekrar part 3", "asadasdsa\VizeTekrar part 3.csproj", "{0EE67229-084E-4C81-AE2E-C9A12C6BA246}"
EndProject
Project("{FAE04EC0-301F-11D3-BF4B-00C04F79EFBC}") = "VizeTekrar part 4", "ConsoleApp2\VizeTekrar part 4.csproj", "{75940D26-EA67-4D7D-98FF-131E01C84D43}"
EndProject
Project("{FAE04EC0-301F-11D3-BF4B-00C04F79EFBC}") = "VizeTekrar part 5", "ConsoleApp3\VizeTekrar part 5.csproj", "{53122794-7B81-4053-86AD-62CDC5C79A3D}"
EndProject
Project("{FAE04EC0-301F-11D3-BF4B-00C04F79EFBC}") = "VizeTekrar part 6", "ConsoleApp4asfasf\VizeTekrar part 6.csproj", "{58C072B1-A5EC-43D9-95BC-43C5B1F30E8B}"
EndProject
Project("{FAE04EC0-301F-11D3-BF4B-00C04F79EFBC}") = "VizeTekrar part 7", "5216831,286132468\VizeTekrar part 7.csproj", "{D2B3401E-058B-4F79-8D18-017F35302D40}"
EndProject
Project("{FAE04EC0-301F-11D3-BF4B-00C04F79EFBC}") = "ErisimBelirtecleri", "ErisimBelirtecleri\ErisimBelirtecleri.csproj", "{086BD05B-8846-42A8-B46F-0B523E9159BA}"
EndProject
Project("{FAE04EC0-301F-11D3-BF4B-00C04F79EFBC}") = "LineerSearch Vize1", "LineerSearch Vize1\LineerSearch Vize1.csproj", "{AD8439D9-21F8-4C06-A103-B7F780598AF0}"
EndProject
Project("{FAE04EC0-301F-11D3-BF4B-00C04F79EFBC}") = "Kabarcık Sıralama Vize 2", "Vize 2\Kabarcık Sıralama Vize 2.csproj", "{1EF5D3DA-FB3B-4FD5-BA0D-5CE29437F30B}"
EndProject
Project("{FAE04EC0-301F-11D3-BF4B-00C04F79EFBC}") = "switch case enum Vize 3", "switch case enum vize 3\switch case enum Vize 3.csproj", "{9AA72D84-584B-4A61-B42B-8D292AF8BBC1}"
EndProject
Project("{FAE04EC0-301F-11D3-BF4B-00C04F79EFBC}") = "iki boyutlu dizi Vize 4", "iki boyutlu dizi Vize 4\iki boyutlu dizi Vize 4.csproj", "{751ADC6F-9DCC-4D82-B384-2E48FDC7D06E}"
EndProject
Project("{FAE04EC0-301F-11D3-BF4B-00C04F79EFBC}") = "operatörlerDeneme", "operatörlerDeneme\operatörlerDeneme.csproj", "{00ABACBD-578B-4086-A7D1-A3AF82384DA3}"
EndProject
Project("{FAE04EC0-301F-11D3-BF4B-00C04F79EFBC}") = "NewBinarySeach", "NewBinarySeach\NewBinarySeach.csproj", "{BDBB5902-1C87-4D8D-A213-A6E7DAC6B773}"
EndProject
Project("{2150E333-8FDC-42A3-9474-1A3956D46DE8}") = "Final Konuları", "Final Konuları", "{834952C1-0480-405C-824F-7B419B9D78C1}"
EndProject
Project("{FAE04EC0-301F-11D3-BF4B-00C04F79EFBC}") = "Constracture", "Constracture\Constracture.csproj", "{1FD9D1AF-93BD-47E1-B2AD-5E916144D240}"
EndProject
Project("{2150E333-8FDC-42A3-9474-1A3956D46DE8}") = "Vize Konuları", "Vize Konuları", "{F8CEBDC7-E442-4434-A0C8-BDA139FE1B1F}"
EndProject
Project("{FAE04EC0-301F-11D3-BF4B-00C04F79EFBC}") = "Constructor_ornek", "Constructor\Constructor_ornek.csproj", "{D847BA2F-2A65-4384-A3EE-9434355CFFE3}"
EndProject
Global
	GlobalSection(SolutionConfigurationPlatforms) = preSolution
		Debug|Any CPU = Debug|Any CPU
		Release|Any CPU = Release|Any CPU
	EndGlobalSection
	GlobalSection(ProjectConfigurationPlatforms) = postSolution
		{B044848E-79B7-41FE-BE80-698CE89DAD25}.Debug|Any CPU.ActiveCfg = Debug|Any CPU
		{B044848E-79B7-41FE-BE80-698CE89DAD25}.Debug|Any CPU.Build.0 = Debug|Any CPU
		{B044848E-79B7-41FE-BE80-698CE89DAD25}.Release|Any CPU.ActiveCfg = Release|Any CPU
		{B044848E-79B7-41FE-BE80-698CE89DAD25}.Release|Any CPU.Build.0 = Release|Any CPU
		{BDC1E276-06E2-4FE7-8996-142C17867DFC}.Debug|Any CPU.ActiveCfg = Debug|Any CPU
		{BDC1E276-06E2-4FE7-8996-142C17867DFC}.Debug|Any CPU.Build.0 = Debug|Any CPU
		{BDC1E276-06E2-4FE7-8996-142C17867DFC}.Release|Any CPU.ActiveCfg = Release|Any CPU
		{BDC1E276-06E2-4FE7-8996-142C17867DFC}.Release|Any CPU.Build.0 = Release|Any CPU
		{2D75C831-287B-4D3E-ACD9-D1E8D106CB3E}.Debug|Any CPU.ActiveCfg = Debug|Any CPU
		{2D75C831-287B-4D3E-ACD9-D1E8D106CB3E}.Debug|Any CPU.Build.0 = Debug|Any CPU
		{2D75C831-287B-4D3E-ACD9-D1E8D106CB3E}.Release|Any CPU.ActiveCfg = Release|Any CPU
		{2D75C831-287B-4D3E-ACD9-D1E8D106CB3E}.Release|Any CPU.Build.0 = Release|Any CPU
		{2DBB6A61-89D5-4788-96E5-1B9C4448537A}.Debug|Any CPU.ActiveCfg = Debug|Any CPU
		{2DBB6A61-89D5-4788-96E5-1B9C4448537A}.Debug|Any CPU.Build.0 = Debug|Any CPU
		{2DBB6A61-89D5-4788-96E5-1B9C4448537A}.Release|Any CPU.ActiveCfg = Release|Any CPU
		{2DBB6A61-89D5-4788-96E5-1B9C4448537A}.Release|Any CPU.Build.0 = Release|Any CPU
		{ECFF3139-0F3B-43DE-B56D-811D6D62EB06}.Debug|Any CPU.ActiveCfg = Debug|Any CPU
		{ECFF3139-0F3B-43DE-B56D-811D6D62EB06}.Debug|Any CPU.Build.0 = Debug|Any CPU
		{ECFF3139-0F3B-43DE-B56D-811D6D62EB06}.Release|Any CPU.ActiveCfg = Release|Any CPU
		{ECFF3139-0F3B-43DE-B56D-811D6D62EB06}.Release|Any CPU.Build.0 = Release|Any CPU
		{FEA19D1B-19D1-464F-A81D-17AEB28E5419}.Debug|Any CPU.ActiveCfg = Debug|Any CPU
		{FEA19D1B-19D1-464F-A81D-17AEB28E5419}.Debug|Any CPU.Build.0 = Debug|Any CPU
		{FEA19D1B-19D1-464F-A81D-17AEB28E5419}.Release|Any CPU.ActiveCfg = Release|Any CPU
		{FEA19D1B-19D1-464F-A81D-17AEB28E5419}.Release|Any CPU.Build.0 = Release|Any CPU
		{65F3A94C-AFC6-4CB6-A35F-5DFD924939F2}.Debug|Any CPU.ActiveCfg = Debug|Any CPU
		{65F3A94C-AFC6-4CB6-A35F-5DFD924939F2}.Debug|Any CPU.Build.0 = Debug|Any CPU
		{65F3A94C-AFC6-4CB6-A35F-5DFD924939F2}.Release|Any CPU.ActiveCfg = Release|Any CPU
		{65F3A94C-AFC6-4CB6-A35F-5DFD924939F2}.Release|Any CPU.Build.0 = Release|Any CPU
		{36D3FEA8-7B21-4E85-B55E-15F9AC22363C}.Debug|Any CPU.ActiveCfg = Debug|Any CPU
		{36D3FEA8-7B21-4E85-B55E-15F9AC22363C}.Debug|Any CPU.Build.0 = Debug|Any CPU
		{36D3FEA8-7B21-4E85-B55E-15F9AC22363C}.Release|Any CPU.ActiveCfg = Release|Any CPU
		{36D3FEA8-7B21-4E85-B55E-15F9AC22363C}.Release|Any CPU.Build.0 = Release|Any CPU
		{92CEFE37-9D62-4F7B-ABD4-292DBCAB458D}.Debug|Any CPU.ActiveCfg = Debug|Any CPU
		{92CEFE37-9D62-4F7B-ABD4-292DBCAB458D}.Debug|Any CPU.Build.0 = Debug|Any CPU
		{92CEFE37-9D62-4F7B-ABD4-292DBCAB458D}.Release|Any CPU.ActiveCfg = Release|Any CPU
		{92CEFE37-9D62-4F7B-ABD4-292DBCAB458D}.Release|Any CPU.Build.0 = Release|Any CPU
		{B5A9D0A3-CE73-4944-9163-B4CB47D4B837}.Debug|Any CPU.ActiveCfg = Debug|Any CPU
		{B5A9D0A3-CE73-4944-9163-B4CB47D4B837}.Debug|Any CPU.Build.0 = Debug|Any CPU
		{B5A9D0A3-CE73-4944-9163-B4CB47D4B837}.Release|Any CPU.ActiveCfg = Release|Any CPU
		{B5A9D0A3-CE73-4944-9163-B4CB47D4B837}.Release|Any CPU.Build.0 = Release|Any CPU
		{419BEA5F-56BB-4CC6-87EB-86FCD3871033}.Debug|Any CPU.ActiveCfg = Debug|Any CPU
		{419BEA5F-56BB-4CC6-87EB-86FCD3871033}.Debug|Any CPU.Build.0 = Debug|Any CPU
		{419BEA5F-56BB-4CC6-87EB-86FCD3871033}.Release|Any CPU.ActiveCfg = Release|Any CPU
		{419BEA5F-56BB-4CC6-87EB-86FCD3871033}.Release|Any CPU.Build.0 = Release|Any CPU
		{C87B6E5C-4FB4-4D4F-AB5A-BEF66C4F2162}.Debug|Any CPU.ActiveCfg = Debug|Any CPU
		{C87B6E5C-4FB4-4D4F-AB5A-BEF66C4F2162}.Debug|Any CPU.Build.0 = Debug|Any CPU
		{C87B6E5C-4FB4-4D4F-AB5A-BEF66C4F2162}.Release|Any CPU.ActiveCfg = Release|Any CPU
		{C87B6E5C-4FB4-4D4F-AB5A-BEF66C4F2162}.Release|Any CPU.Build.0 = Release|Any CPU
		{6290E454-CFE1-466D-BB35-999898564804}.Debug|Any CPU.ActiveCfg = Debug|Any CPU
		{6290E454-CFE1-466D-BB35-999898564804}.Debug|Any CPU.Build.0 = Debug|Any CPU
		{6290E454-CFE1-466D-BB35-999898564804}.Release|Any CPU.ActiveCfg = Release|Any CPU
		{6290E454-CFE1-466D-BB35-999898564804}.Release|Any CPU.Build.0 = Release|Any CPU
		{ECF9386E-6F22-4275-9CB6-A2DCE56ACE54}.Debug|Any CPU.ActiveCfg = Debug|Any CPU
		{ECF9386E-6F22-4275-9CB6-A2DCE56ACE54}.Debug|Any CPU.Build.0 = Debug|Any CPU
		{ECF9386E-6F22-4275-9CB6-A2DCE56ACE54}.Release|Any CPU.ActiveCfg = Release|Any CPU
		{ECF9386E-6F22-4275-9CB6-A2DCE56ACE54}.Release|Any CPU.Build.0 = Release|Any CPU
		{8076C9E2-3424-4F1B-9E53-D1FE0731179A}.Debug|Any CPU.ActiveCfg = Debug|Any CPU
		{8076C9E2-3424-4F1B-9E53-D1FE0731179A}.Debug|Any CPU.Build.0 = Debug|Any CPU
		{8076C9E2-3424-4F1B-9E53-D1FE0731179A}.Release|Any CPU.ActiveCfg = Release|Any CPU
		{8076C9E2-3424-4F1B-9E53-D1FE0731179A}.Release|Any CPU.Build.0 = Release|Any CPU
		{7813B05C-EE6E-4245-992C-5D27E187F2D7}.Debug|Any CPU.ActiveCfg = Debug|Any CPU
		{7813B05C-EE6E-4245-992C-5D27E187F2D7}.Debug|Any CPU.Build.0 = Debug|Any CPU
		{7813B05C-EE6E-4245-992C-5D27E187F2D7}.Release|Any CPU.ActiveCfg = Release|Any CPU
		{7813B05C-EE6E-4245-992C-5D27E187F2D7}.Release|Any CPU.Build.0 = Release|Any CPU
		{F2046C1B-8F23-4BAE-B486-D842A1FC311D}.Debug|Any CPU.ActiveCfg = Debug|Any CPU
		{F2046C1B-8F23-4BAE-B486-D842A1FC311D}.Debug|Any CPU.Build.0 = Debug|Any CPU
		{F2046C1B-8F23-4BAE-B486-D842A1FC311D}.Release|Any CPU.ActiveCfg = Release|Any CPU
		{F2046C1B-8F23-4BAE-B486-D842A1FC311D}.Release|Any CPU.Build.0 = Release|Any CPU
		{57AD8168-FB2B-4E35-98D1-106E50A84C58}.Debug|Any CPU.ActiveCfg = Debug|Any CPU
		{57AD8168-FB2B-4E35-98D1-106E50A84C58}.Debug|Any CPU.Build.0 = Debug|Any CPU
		{57AD8168-FB2B-4E35-98D1-106E50A84C58}.Release|Any CPU.ActiveCfg = Release|Any CPU
		{57AD8168-FB2B-4E35-98D1-106E50A84C58}.Release|Any CPU.Build.0 = Release|Any CPU
		{FF1D9E77-FB9A-4847-A333-342083ACDAD9}.Debug|Any CPU.ActiveCfg = Debug|Any CPU
		{FF1D9E77-FB9A-4847-A333-342083ACDAD9}.Debug|Any CPU.Build.0 = Debug|Any CPU
		{FF1D9E77-FB9A-4847-A333-342083ACDAD9}.Release|Any CPU.ActiveCfg = Release|Any CPU
		{FF1D9E77-FB9A-4847-A333-342083ACDAD9}.Release|Any CPU.Build.0 = Release|Any CPU
		{68A47184-0853-48D2-8369-79796BD1E5F5}.Debug|Any CPU.ActiveCfg = Debug|Any CPU
		{68A47184-0853-48D2-8369-79796BD1E5F5}.Debug|Any CPU.Build.0 = Debug|Any CPU
		{68A47184-0853-48D2-8369-79796BD1E5F5}.Release|Any CPU.ActiveCfg = Release|Any CPU
		{68A47184-0853-48D2-8369-79796BD1E5F5}.Release|Any CPU.Build.0 = Release|Any CPU
		{C334AFB3-DEF8-4953-9840-52466298C602}.Debug|Any CPU.ActiveCfg = Debug|Any CPU
		{C334AFB3-DEF8-4953-9840-52466298C602}.Debug|Any CPU.Build.0 = Debug|Any CPU
		{C334AFB3-DEF8-4953-9840-52466298C602}.Release|Any CPU.ActiveCfg = Release|Any CPU
		{C334AFB3-DEF8-4953-9840-52466298C602}.Release|Any CPU.Build.0 = Release|Any CPU
		{0637361F-4B7B-4DB5-A4BD-BE5C9A616263}.Debug|Any CPU.ActiveCfg = Debug|Any CPU
		{0637361F-4B7B-4DB5-A4BD-BE5C9A616263}.Debug|Any CPU.Build.0 = Debug|Any CPU
		{0637361F-4B7B-4DB5-A4BD-BE5C9A616263}.Release|Any CPU.ActiveCfg = Release|Any CPU
		{0637361F-4B7B-4DB5-A4BD-BE5C9A616263}.Release|Any CPU.Build.0 = Release|Any CPU
		{0FE3A8E9-EC52-498B-9B80-9C5355BBE6A3}.Debug|Any CPU.ActiveCfg = Debug|Any CPU
		{0FE3A8E9-EC52-498B-9B80-9C5355BBE6A3}.Debug|Any CPU.Build.0 = Debug|Any CPU
		{0FE3A8E9-EC52-498B-9B80-9C5355BBE6A3}.Release|Any CPU.ActiveCfg = Release|Any CPU
		{0FE3A8E9-EC52-498B-9B80-9C5355BBE6A3}.Release|Any CPU.Build.0 = Release|Any CPU
		{7D24BC40-8E11-4D9A-B5BC-5AEC73AB1D75}.Debug|Any CPU.ActiveCfg = Debug|Any CPU
		{7D24BC40-8E11-4D9A-B5BC-5AEC73AB1D75}.Debug|Any CPU.Build.0 = Debug|Any CPU
		{7D24BC40-8E11-4D9A-B5BC-5AEC73AB1D75}.Release|Any CPU.ActiveCfg = Release|Any CPU
		{7D24BC40-8E11-4D9A-B5BC-5AEC73AB1D75}.Release|Any CPU.Build.0 = Release|Any CPU
		{139F1FC6-C496-4F71-8775-4AD1123CB999}.Debug|Any CPU.ActiveCfg = Debug|Any CPU
		{139F1FC6-C496-4F71-8775-4AD1123CB999}.Debug|Any CPU.Build.0 = Debug|Any CPU
		{139F1FC6-C496-4F71-8775-4AD1123CB999}.Release|Any CPU.ActiveCfg = Release|Any CPU
		{139F1FC6-C496-4F71-8775-4AD1123CB999}.Release|Any CPU.Build.0 = Release|Any CPU
		{E702718E-7BE2-483B-821B-8F90FD4D6950}.Debug|Any CPU.ActiveCfg = Debug|Any CPU
		{E702718E-7BE2-483B-821B-8F90FD4D6950}.Debug|Any CPU.Build.0 = Debug|Any CPU
		{E702718E-7BE2-483B-821B-8F90FD4D6950}.Release|Any CPU.ActiveCfg = Release|Any CPU
		{E702718E-7BE2-483B-821B-8F90FD4D6950}.Release|Any CPU.Build.0 = Release|Any CPU
		{0EE67229-084E-4C81-AE2E-C9A12C6BA246}.Debug|Any CPU.ActiveCfg = Debug|Any CPU
		{0EE67229-084E-4C81-AE2E-C9A12C6BA246}.Debug|Any CPU.Build.0 = Debug|Any CPU
		{0EE67229-084E-4C81-AE2E-C9A12C6BA246}.Release|Any CPU.ActiveCfg = Release|Any CPU
		{0EE67229-084E-4C81-AE2E-C9A12C6BA246}.Release|Any CPU.Build.0 = Release|Any CPU
		{75940D26-EA67-4D7D-98FF-131E01C84D43}.Debug|Any CPU.ActiveCfg = Debug|Any CPU
		{75940D26-EA67-4D7D-98FF-131E01C84D43}.Debug|Any CPU.Build.0 = Debug|Any CPU
		{75940D26-EA67-4D7D-98FF-131E01C84D43}.Release|Any CPU.ActiveCfg = Release|Any CPU
		{75940D26-EA67-4D7D-98FF-131E01C84D43}.Release|Any CPU.Build.0 = Release|Any CPU
		{53122794-7B81-4053-86AD-62CDC5C79A3D}.Debug|Any CPU.ActiveCfg = Debug|Any CPU
		{53122794-7B81-4053-86AD-62CDC5C79A3D}.Debug|Any CPU.Build.0 = Debug|Any CPU
		{53122794-7B81-4053-86AD-62CDC5C79A3D}.Release|Any CPU.ActiveCfg = Release|Any CPU
		{53122794-7B81-4053-86AD-62CDC5C79A3D}.Release|Any CPU.Build.0 = Release|Any CPU
		{58C072B1-A5EC-43D9-95BC-43C5B1F30E8B}.Debug|Any CPU.ActiveCfg = Debug|Any CPU
		{58C072B1-A5EC-43D9-95BC-43C5B1F30E8B}.Debug|Any CPU.Build.0 = Debug|Any CPU
		{58C072B1-A5EC-43D9-95BC-43C5B1F30E8B}.Release|Any CPU.ActiveCfg = Release|Any CPU
		{58C072B1-A5EC-43D9-95BC-43C5B1F30E8B}.Release|Any CPU.Build.0 = Release|Any CPU
		{D2B3401E-058B-4F79-8D18-017F35302D40}.Debug|Any CPU.ActiveCfg = Debug|Any CPU
		{D2B3401E-058B-4F79-8D18-017F35302D40}.Debug|Any CPU.Build.0 = Debug|Any CPU
		{D2B3401E-058B-4F79-8D18-017F35302D40}.Release|Any CPU.ActiveCfg = Release|Any CPU
		{D2B3401E-058B-4F79-8D18-017F35302D40}.Release|Any CPU.Build.0 = Release|Any CPU
		{086BD05B-8846-42A8-B46F-0B523E9159BA}.Debug|Any CPU.ActiveCfg = Debug|Any CPU
		{086BD05B-8846-42A8-B46F-0B523E9159BA}.Debug|Any CPU.Build.0 = Debug|Any CPU
		{086BD05B-8846-42A8-B46F-0B523E9159BA}.Release|Any CPU.ActiveCfg = Release|Any CPU
		{086BD05B-8846-42A8-B46F-0B523E9159BA}.Release|Any CPU.Build.0 = Release|Any CPU
		{AD8439D9-21F8-4C06-A103-B7F780598AF0}.Debug|Any CPU.ActiveCfg = Debug|Any CPU
		{AD8439D9-21F8-4C06-A103-B7F780598AF0}.Debug|Any CPU.Build.0 = Debug|Any CPU
		{AD8439D9-21F8-4C06-A103-B7F780598AF0}.Release|Any CPU.ActiveCfg = Release|Any CPU
		{AD8439D9-21F8-4C06-A103-B7F780598AF0}.Release|Any CPU.Build.0 = Release|Any CPU
		{1EF5D3DA-FB3B-4FD5-BA0D-5CE29437F30B}.Debug|Any CPU.ActiveCfg = Debug|Any CPU
		{1EF5D3DA-FB3B-4FD5-BA0D-5CE29437F30B}.Debug|Any CPU.Build.0 = Debug|Any CPU
		{1EF5D3DA-FB3B-4FD5-BA0D-5CE29437F30B}.Release|Any CPU.ActiveCfg = Release|Any CPU
		{1EF5D3DA-FB3B-4FD5-BA0D-5CE29437F30B}.Release|Any CPU.Build.0 = Release|Any CPU
		{9AA72D84-584B-4A61-B42B-8D292AF8BBC1}.Debug|Any CPU.ActiveCfg = Debug|Any CPU
		{9AA72D84-584B-4A61-B42B-8D292AF8BBC1}.Debug|Any CPU.Build.0 = Debug|Any CPU
		{9AA72D84-584B-4A61-B42B-8D292AF8BBC1}.Release|Any CPU.ActiveCfg = Release|Any CPU
		{9AA72D84-584B-4A61-B42B-8D292AF8BBC1}.Release|Any CPU.Build.0 = Release|Any CPU
		{751ADC6F-9DCC-4D82-B384-2E48FDC7D06E}.Debug|Any CPU.ActiveCfg = Debug|Any CPU
		{751ADC6F-9DCC-4D82-B384-2E48FDC7D06E}.Debug|Any CPU.Build.0 = Debug|Any CPU
		{751ADC6F-9DCC-4D82-B384-2E48FDC7D06E}.Release|Any CPU.ActiveCfg = Release|Any CPU
		{751ADC6F-9DCC-4D82-B384-2E48FDC7D06E}.Release|Any CPU.Build.0 = Release|Any CPU
		{00ABACBD-578B-4086-A7D1-A3AF82384DA3}.Debug|Any CPU.ActiveCfg = Debug|Any CPU
		{00ABACBD-578B-4086-A7D1-A3AF82384DA3}.Debug|Any CPU.Build.0 = Debug|Any CPU
		{00ABACBD-578B-4086-A7D1-A3AF82384DA3}.Release|Any CPU.ActiveCfg = Release|Any CPU
		{00ABACBD-578B-4086-A7D1-A3AF82384DA3}.Release|Any CPU.Build.0 = Release|Any CPU
		{BDBB5902-1C87-4D8D-A213-A6E7DAC6B773}.Debug|Any CPU.ActiveCfg = Debug|Any CPU
		{BDBB5902-1C87-4D8D-A213-A6E7DAC6B773}.Debug|Any CPU.Build.0 = Debug|Any CPU
		{BDBB5902-1C87-4D8D-A213-A6E7DAC6B773}.Release|Any CPU.ActiveCfg = Release|Any CPU
		{BDBB5902-1C87-4D8D-A213-A6E7DAC6B773}.Release|Any CPU.Build.0 = Release|Any CPU
		{1FD9D1AF-93BD-47E1-B2AD-5E916144D240}.Debug|Any CPU.ActiveCfg = Debug|Any CPU
		{1FD9D1AF-93BD-47E1-B2AD-5E916144D240}.Debug|Any CPU.Build.0 = Debug|Any CPU
		{1FD9D1AF-93BD-47E1-B2AD-5E916144D240}.Release|Any CPU.ActiveCfg = Release|Any CPU
		{1FD9D1AF-93BD-47E1-B2AD-5E916144D240}.Release|Any CPU.Build.0 = Release|Any CPU
		{D847BA2F-2A65-4384-A3EE-9434355CFFE3}.Debug|Any CPU.ActiveCfg = Debug|Any CPU
		{D847BA2F-2A65-4384-A3EE-9434355CFFE3}.Debug|Any CPU.Build.0 = Debug|Any CPU
		{D847BA2F-2A65-4384-A3EE-9434355CFFE3}.Release|Any CPU.ActiveCfg = Release|Any CPU
		{D847BA2F-2A65-4384-A3EE-9434355CFFE3}.Release|Any CPU.Build.0 = Release|Any CPU
	EndGlobalSection
	GlobalSection(SolutionProperties) = preSolution
		HideSolutionNode = FALSE
	EndGlobalSection
	GlobalSection(NestedProjects) = preSolution
		{B044848E-79B7-41FE-BE80-698CE89DAD25} = {F8CEBDC7-E442-4434-A0C8-BDA139FE1B1F}
		{BDC1E276-06E2-4FE7-8996-142C17867DFC} = {F8CEBDC7-E442-4434-A0C8-BDA139FE1B1F}
		{2D75C831-287B-4D3E-ACD9-D1E8D106CB3E} = {F8CEBDC7-E442-4434-A0C8-BDA139FE1B1F}
		{2DBB6A61-89D5-4788-96E5-1B9C4448537A} = {F8CEBDC7-E442-4434-A0C8-BDA139FE1B1F}
		{ECFF3139-0F3B-43DE-B56D-811D6D62EB06} = {F8CEBDC7-E442-4434-A0C8-BDA139FE1B1F}
		{FEA19D1B-19D1-464F-A81D-17AEB28E5419} = {F8CEBDC7-E442-4434-A0C8-BDA139FE1B1F}
		{65F3A94C-AFC6-4CB6-A35F-5DFD924939F2} = {F8CEBDC7-E442-4434-A0C8-BDA139FE1B1F}
		{36D3FEA8-7B21-4E85-B55E-15F9AC22363C} = {F8CEBDC7-E442-4434-A0C8-BDA139FE1B1F}
		{92CEFE37-9D62-4F7B-ABD4-292DBCAB458D} = {F8CEBDC7-E442-4434-A0C8-BDA139FE1B1F}
		{B5A9D0A3-CE73-4944-9163-B4CB47D4B837} = {F8CEBDC7-E442-4434-A0C8-BDA139FE1B1F}
		{419BEA5F-56BB-4CC6-87EB-86FCD3871033} = {F8CEBDC7-E442-4434-A0C8-BDA139FE1B1F}
		{C87B6E5C-4FB4-4D4F-AB5A-BEF66C4F2162} = {F8CEBDC7-E442-4434-A0C8-BDA139FE1B1F}
		{6290E454-CFE1-466D-BB35-999898564804} = {F8CEBDC7-E442-4434-A0C8-BDA139FE1B1F}
		{ECF9386E-6F22-4275-9CB6-A2DCE56ACE54} = {F8CEBDC7-E442-4434-A0C8-BDA139FE1B1F}
		{8076C9E2-3424-4F1B-9E53-D1FE0731179A} = {F8CEBDC7-E442-4434-A0C8-BDA139FE1B1F}
		{7813B05C-EE6E-4245-992C-5D27E187F2D7} = {F8CEBDC7-E442-4434-A0C8-BDA139FE1B1F}
		{F2046C1B-8F23-4BAE-B486-D842A1FC311D} = {F8CEBDC7-E442-4434-A0C8-BDA139FE1B1F}
		{57AD8168-FB2B-4E35-98D1-106E50A84C58} = {F8CEBDC7-E442-4434-A0C8-BDA139FE1B1F}
		{FF1D9E77-FB9A-4847-A333-342083ACDAD9} = {F8CEBDC7-E442-4434-A0C8-BDA139FE1B1F}
		{68A47184-0853-48D2-8369-79796BD1E5F5} = {F8CEBDC7-E442-4434-A0C8-BDA139FE1B1F}
		{C334AFB3-DEF8-4953-9840-52466298C602} = {F8CEBDC7-E442-4434-A0C8-BDA139FE1B1F}
		{0637361F-4B7B-4DB5-A4BD-BE5C9A616263} = {F8CEBDC7-E442-4434-A0C8-BDA139FE1B1F}
		{0FE3A8E9-EC52-498B-9B80-9C5355BBE6A3} = {F8CEBDC7-E442-4434-A0C8-BDA139FE1B1F}
		{7D24BC40-8E11-4D9A-B5BC-5AEC73AB1D75} = {F8CEBDC7-E442-4434-A0C8-BDA139FE1B1F}
		{139F1FC6-C496-4F71-8775-4AD1123CB999} = {F8CEBDC7-E442-4434-A0C8-BDA139FE1B1F}
		{E702718E-7BE2-483B-821B-8F90FD4D6950} = {F8CEBDC7-E442-4434-A0C8-BDA139FE1B1F}
		{0EE67229-084E-4C81-AE2E-C9A12C6BA246} = {F8CEBDC7-E442-4434-A0C8-BDA139FE1B1F}
		{75940D26-EA67-4D7D-98FF-131E01C84D43} = {F8CEBDC7-E442-4434-A0C8-BDA139FE1B1F}
		{53122794-7B81-4053-86AD-62CDC5C79A3D} = {F8CEBDC7-E442-4434-A0C8-BDA139FE1B1F}
		{58C072B1-A5EC-43D9-95BC-43C5B1F30E8B} = {F8CEBDC7-E442-4434-A0C8-BDA139FE1B1F}
		{D2B3401E-058B-4F79-8D18-017F35302D40} = {F8CEBDC7-E442-4434-A0C8-BDA139FE1B1F}
		{086BD05B-8846-42A8-B46F-0B523E9159BA} = {F8CEBDC7-E442-4434-A0C8-BDA139FE1B1F}
		{AD8439D9-21F8-4C06-A103-B7F780598AF0} = {F8CEBDC7-E442-4434-A0C8-BDA139FE1B1F}
		{1EF5D3DA-FB3B-4FD5-BA0D-5CE29437F30B} = {F8CEBDC7-E442-4434-A0C8-BDA139FE1B1F}
		{9AA72D84-584B-4A61-B42B-8D292AF8BBC1} = {F8CEBDC7-E442-4434-A0C8-BDA139FE1B1F}
		{751ADC6F-9DCC-4D82-B384-2E48FDC7D06E} = {F8CEBDC7-E442-4434-A0C8-BDA139FE1B1F}
		{00ABACBD-578B-4086-A7D1-A3AF82384DA3} = {F8CEBDC7-E442-4434-A0C8-BDA139FE1B1F}
		{BDBB5902-1C87-4D8D-A213-A6E7DAC6B773} = {F8CEBDC7-E442-4434-A0C8-BDA139FE1B1F}
		{1FD9D1AF-93BD-47E1-B2AD-5E916144D240} = {834952C1-0480-405C-824F-7B419B9D78C1}
		{D847BA2F-2A65-4384-A3EE-9434355CFFE3} = {834952C1-0480-405C-824F-7B419B9D78C1}
	EndGlobalSection
	GlobalSection(ExtensibilityGlobals) = postSolution
		SolutionGuid = {7186CE86-1D38-4584-88E2-5C7E436C7DF6}
	EndGlobalSection
EndGlobal
